
Microsoft Visual Studio Solution File, Format Version 12.00
# Visual Studio Express 2013 for Web
VisualStudioVersion = 12.0.30324.0
MinimumVisualStudioVersion = 10.0.40219.1
Project("{FAE04EC0-301F-11D3-BF4B-00C04F79EFBC}") = "Austerlitz", "Austerlitz\Austerlitz.csproj", "{96600413-BD95-4293-9FE4-F9A199BF88E3}"
EndProject
Project("{FAE04EC0-301F-11D3-BF4B-00C04F79EFBC}") = "Austerlitz.DAL", "Austerlitz.DAL\Austerlitz.DAL.csproj", "{5E022FBE-FD8F-4903-BEAA-8201E7891ECE}"
EndProject
Project("{FAE04EC0-301F-11D3-BF4B-00C04F79EFBC}") = "Austerlitz.Domain", "Austerlitz.Domain\Austerlitz.Domain.csproj", "{0F6BE162-5B20-4A9B-8243-0FD4EC2426FB}"
EndProject
Global
	GlobalSection(SolutionConfigurationPlatforms) = preSolution
		Debug|Any CPU = Debug|Any CPU
		Release|Any CPU = Release|Any CPU
	EndGlobalSection
	GlobalSection(ProjectConfigurationPlatforms) = postSolution
		{96600413-BD95-4293-9FE4-F9A199BF88E3}.Debug|Any CPU.ActiveCfg = Debug|Any CPU
		{96600413-BD95-4293-9FE4-F9A199BF88E3}.Debug|Any CPU.Build.0 = Debug|Any CPU
		{96600413-BD95-4293-9FE4-F9A199BF88E3}.Release|Any CPU.ActiveCfg = Release|Any CPU
		{96600413-BD95-4293-9FE4-F9A199BF88E3}.Release|Any CPU.Build.0 = Release|Any CPU
		{5E022FBE-FD8F-4903-BEAA-8201E7891ECE}.Debug|Any CPU.ActiveCfg = Debug|Any CPU
		{5E022FBE-FD8F-4903-BEAA-8201E7891ECE}.Debug|Any CPU.Build.0 = Debug|Any CPU
		{5E022FBE-FD8F-4903-BEAA-8201E7891ECE}.Release|Any CPU.ActiveCfg = Release|Any CPU
		{5E022FBE-FD8F-4903-BEAA-8201E7891ECE}.Release|Any CPU.Build.0 = Release|Any CPU
		{0F6BE162-5B20-4A9B-8243-0FD4EC2426FB}.Debug|Any CPU.ActiveCfg = Debug|Any CPU
		{0F6BE162-5B20-4A9B-8243-0FD4EC2426FB}.Debug|Any CPU.Build.0 = Debug|Any CPU
		{0F6BE162-5B20-4A9B-8243-0FD4EC2426FB}.Release|Any CPU.ActiveCfg = Release|Any CPU
		{0F6BE162-5B20-4A9B-8243-0FD4EC2426FB}.Release|Any CPU.Build.0 = Release|Any CPU
	EndGlobalSection
	GlobalSection(SolutionProperties) = preSolution
		HideSolutionNode = FALSE
	EndGlobalSection
EndGlobal
